
Microsoft Visual Studio Solution File, Format Version 12.00
# Visual Studio Version 17
VisualStudioVersion = 17.9.34622.214
MinimumVisualStudioVersion = 10.0.40219.1
Project("{FAE04EC0-301F-11D3-BF4B-00C04F79EFBC}") = "Prueba SSASA", "Prueba SSASA.csproj", "{C45F983B-4A27-45DD-A5D0-7824A8C86896}"
EndProject
Global
	GlobalSection(SolutionConfigurationPlatforms) = preSolution
		Debug|Any CPU = Debug|Any CPU
		Release|Any CPU = Release|Any CPU
	EndGlobalSection
	GlobalSection(ProjectConfigurationPlatforms) = postSolution
		{C45F983B-4A27-45DD-A5D0-7824A8C86896}.Debug|Any CPU.ActiveCfg = Debug|Any CPU
		{C45F983B-4A27-45DD-A5D0-7824A8C86896}.Debug|Any CPU.Build.0 = Debug|Any CPU
		{C45F983B-4A27-45DD-A5D0-7824A8C86896}.Release|Any CPU.ActiveCfg = Release|Any CPU
		{C45F983B-4A27-45DD-A5D0-7824A8C86896}.Release|Any CPU.Build.0 = Release|Any CPU
	EndGlobalSection
	GlobalSection(SolutionProperties) = preSolution
		HideSolutionNode = FALSE
	EndGlobalSection
	GlobalSection(ExtensibilityGlobals) = postSolution
		SolutionGuid = {551B39FF-944D-4CD0-BCD3-B7629BC7609A}
	EndGlobalSection
EndGlobal
